
Microsoft Visual Studio Solution File, Format Version 12.00
# Visual Studio 15
VisualStudioVersion = 15.0.28307.168
MinimumVisualStudioVersion = 10.0.40219.1
Project("{FAE04EC0-301F-11D3-BF4B-00C04F79EFBC}") = "NUBE.Server", "NUBE.Server\NUBE.Server.csproj", "{0F2E4222-D55D-45FB-AEA2-09B26D9CA793}"
EndProject
Project("{FAE04EC0-301F-11D3-BF4B-00C04F79EFBC}") = "NUBE.App", "NUBE.App\NUBE.App.csproj", "{ECBEFDBA-8996-47F8-B425-4E78A379304E}"
EndProject
Project("{9A19103F-16F7-4668-BE54-9A1E7A4F7556}") = "NUBE.BLL", "NUBE.BLL\NUBE.BLL.csproj", "{89C8FE0B-3B9C-49B8-83B4-A8A5181A3C97}"
EndProject
Project("{9A19103F-16F7-4668-BE54-9A1E7A4F7556}") = "NUBE.DAL", "NUBE.DAL\NUBE.DAL.csproj", "{9FA70E21-9ADB-4877-BB76-1EE962397B1E}"
EndProject
Project("{9A19103F-16F7-4668-BE54-9A1E7A4F7556}") = "NUBE.Common", "NUBE.Common\NUBE.Common.csproj", "{6FF54627-212F-4089-8176-7BEDAE0376AB}"
EndProject
Global
	GlobalSection(SolutionConfigurationPlatforms) = preSolution
		Debug|Any CPU = Debug|Any CPU
		Release|Any CPU = Release|Any CPU
	EndGlobalSection
	GlobalSection(ProjectConfigurationPlatforms) = postSolution
		{0F2E4222-D55D-45FB-AEA2-09B26D9CA793}.Debug|Any CPU.ActiveCfg = Debug|Any CPU
		{0F2E4222-D55D-45FB-AEA2-09B26D9CA793}.Debug|Any CPU.Build.0 = Debug|Any CPU
		{0F2E4222-D55D-45FB-AEA2-09B26D9CA793}.Release|Any CPU.ActiveCfg = Release|Any CPU
		{0F2E4222-D55D-45FB-AEA2-09B26D9CA793}.Release|Any CPU.Build.0 = Release|Any CPU
		{ECBEFDBA-8996-47F8-B425-4E78A379304E}.Debug|Any CPU.ActiveCfg = Debug|Any CPU
		{ECBEFDBA-8996-47F8-B425-4E78A379304E}.Debug|Any CPU.Build.0 = Debug|Any CPU
		{ECBEFDBA-8996-47F8-B425-4E78A379304E}.Release|Any CPU.ActiveCfg = Release|Any CPU
		{ECBEFDBA-8996-47F8-B425-4E78A379304E}.Release|Any CPU.Build.0 = Release|Any CPU
		{89C8FE0B-3B9C-49B8-83B4-A8A5181A3C97}.Debug|Any CPU.ActiveCfg = Debug|Any CPU
		{89C8FE0B-3B9C-49B8-83B4-A8A5181A3C97}.Debug|Any CPU.Build.0 = Debug|Any CPU
		{89C8FE0B-3B9C-49B8-83B4-A8A5181A3C97}.Release|Any CPU.ActiveCfg = Release|Any CPU
		{89C8FE0B-3B9C-49B8-83B4-A8A5181A3C97}.Release|Any CPU.Build.0 = Release|Any CPU
		{9FA70E21-9ADB-4877-BB76-1EE962397B1E}.Debug|Any CPU.ActiveCfg = Debug|Any CPU
		{9FA70E21-9ADB-4877-BB76-1EE962397B1E}.Debug|Any CPU.Build.0 = Debug|Any CPU
		{9FA70E21-9ADB-4877-BB76-1EE962397B1E}.Release|Any CPU.ActiveCfg = Release|Any CPU
		{9FA70E21-9ADB-4877-BB76-1EE962397B1E}.Release|Any CPU.Build.0 = Release|Any CPU
		{6FF54627-212F-4089-8176-7BEDAE0376AB}.Debug|Any CPU.ActiveCfg = Debug|Any CPU
		{6FF54627-212F-4089-8176-7BEDAE0376AB}.Debug|Any CPU.Build.0 = Debug|Any CPU
		{6FF54627-212F-4089-8176-7BEDAE0376AB}.Release|Any CPU.ActiveCfg = Release|Any CPU
		{6FF54627-212F-4089-8176-7BEDAE0376AB}.Release|Any CPU.Build.0 = Release|Any CPU
	EndGlobalSection
	GlobalSection(SolutionProperties) = preSolution
		HideSolutionNode = FALSE
	EndGlobalSection
	GlobalSection(ExtensibilityGlobals) = postSolution
		SolutionGuid = {C8397A2F-FFC0-4688-852F-87AEBFDFF1DF}
	EndGlobalSection
EndGlobal
